
Microsoft Visual Studio Solution File, Format Version 12.00
# Visual Studio Version 17
VisualStudioVersion = 17.11.35219.272
MinimumVisualStudioVersion = 10.0.40219.1
Project("{FAE04EC0-301F-11D3-BF4B-00C04F79EFBC}") = "LibrandriaMAUI", "LibrandriaMAUI.csproj", "{04EC3C42-6626-4325-BB4B-6FC824CA16E7}"
EndProject
Global
	GlobalSection(SolutionConfigurationPlatforms) = preSolution
		Debug|Any CPU = Debug|Any CPU
		Release|Any CPU = Release|Any CPU
	EndGlobalSection
	GlobalSection(ProjectConfigurationPlatforms) = postSolution
		{04EC3C42-6626-4325-BB4B-6FC824CA16E7}.Debug|Any CPU.ActiveCfg = Debug|Any CPU
		{04EC3C42-6626-4325-BB4B-6FC824CA16E7}.Debug|Any CPU.Build.0 = Debug|Any CPU
		{04EC3C42-6626-4325-BB4B-6FC824CA16E7}.Debug|Any CPU.Deploy.0 = Debug|Any CPU
		{04EC3C42-6626-4325-BB4B-6FC824CA16E7}.Release|Any CPU.ActiveCfg = Release|Any CPU
		{04EC3C42-6626-4325-BB4B-6FC824CA16E7}.Release|Any CPU.Build.0 = Release|Any CPU
		{04EC3C42-6626-4325-BB4B-6FC824CA16E7}.Release|Any CPU.Deploy.0 = Release|Any CPU
	EndGlobalSection
	GlobalSection(SolutionProperties) = preSolution
		HideSolutionNode = FALSE
	EndGlobalSection
	GlobalSection(ExtensibilityGlobals) = postSolution
		SolutionGuid = {E2C642B8-B3E3-4E0B-B8D4-FF912E89B7D1}
	EndGlobalSection
EndGlobal
